<?xml version="1.0" encoding="utf-8"?>
<Project ToolsVersion="4.0" xmlns:atg="http://atg.xbox.com" xmlns="http://schemas.microsoft.com/developer/msbuild/2003">
  <ItemGroup>
    <Filter Include="Resource Files">
      <UniqueIdentifier>{8e114980-c1a3-4ada-ad7c-83caadf5daeb}</UniqueIdentifier>
      <Extensions>rc;ico;cur;bmp;dlg;rc2;rct;bin;rgs;gif;jpg;jpeg;jpe</Extensions>
    </Filter>
    <Filter Include="DXUT">
      <UniqueIdentifier>{a43c5c25-0e86-4a20-b64a-883785ff74fd}</UniqueIdentifier>
    </Filter>
    <Filter Include="Shaders">
      <UniqueIdentifier>{2c3d4c8c-5d1a-459a-a05a-a4e4b608a44e}</UniqueIdentifier>
      <Extensions>fx;fxh;hlsl</Extensions>
    </Filter>
    <Filter Include="Core">
      <UniqueIdentifier>{70849220-3fee-4257-a6f4-b32798d7a017}</UniqueIdentifier>
    </Filter>
    <Filter Include="Game">
      <UniqueIdentifier>{33d9c7bf-41a0-45c3-8dc3-3c8076e9c258}</UniqueIdentifier>
    </Filter>
  </ItemGroup>
  <ItemGroup>
    <None Include="DXUT\Optional\directx.ico">
      <Filter>Resource Files</Filter>
    </None>
    <ClInclude Include="DXUT\Core\DXUT.h">
      <Filter>DXUT</Filter>
    </ClInclude>
    <ClInclude Include="DXUT\Core\DXUTenum.h">
      <Filter>DXUT</Filter>
    </ClInclude>
    <ClInclude Include="DXUT\Core\DXUTmisc.h">
      <Filter>DXUT</Filter>
    </ClInclude>
    <ClCompile Include="DXUT\Core\DXUT.cpp">
      <Filter>DXUT</Filter>
    </ClCompile>
    <ClCompile Include="DXUT\Core\DXUTenum.cpp">
      <Filter>DXUT</Filter>
    </ClCompile>
    <ClCompile Include="DXUT\Core\DXUTmisc.cpp">
      <Filter>DXUT</Filter>
    </ClCompile>
    <ClInclude Include="DXUT\Optional\DXUTcamera.h">
      <Filter>DXUT</Filter>
    </ClInclude>
    <ClInclude Include="DXUT\Optional\DXUTgui.h">
      <Filter>DXUT</Filter>
    </ClInclude>
    <ClInclude Include="DXUT\Optional\DXUTres.h">
      <Filter>DXUT</Filter>
    </ClInclude>
    <ClInclude Include="DXUT\Optional\DXUTsettingsdlg.h">
      <Filter>DXUT</Filter>
    </ClInclude>
    <ClInclude Include="DXUT\Optional\SDKmesh.h">
      <Filter>DXUT</Filter>
    </ClInclude>
    <ClInclude Include="DXUT\Optional\SDKmisc.h">
      <Filter>DXUT</Filter>
    </ClInclude>
    <ClCompile Include="DXUT\Optional\DXUTcamera.cpp">
      <Filter>DXUT</Filter>
    </ClCompile>
    <ClCompile Include="DXUT\Optional\DXUTgui.cpp">
      <Filter>DXUT</Filter>
    </ClCompile>
    <ClCompile Include="DXUT\Optional\DXUTres.cpp">
      <Filter>DXUT</Filter>
    </ClCompile>
    <ClCompile Include="DXUT\Optional\DXUTsettingsdlg.cpp">
      <Filter>DXUT</Filter>
    </ClCompile>
    <ClCompile Include="DXUT\Optional\SDKmesh.cpp">
      <Filter>DXUT</Filter>
    </ClCompile>
    <ClCompile Include="DXUT\Optional\SDKmisc.cpp">
      <Filter>DXUT</Filter>
    </ClCompile>
  </ItemGroup>
  <ItemGroup>
    <ClCompile Include="Singleton.cpp">
      <Filter>Core</Filter>
    </ClCompile>
    <ClCompile Include="App.cpp">
      <Filter>Core</Filter>
    </ClCompile>
    <ClCompile Include="Object.cpp">
      <Filter>Core</Filter>
    </ClCompile>
    <ClCompile Include="Texture.cpp">
      <Filter>Core</Filter>
    </ClCompile>
    <ClCompile Include="ObjectList.cpp">
      <Filter>Core</Filter>
    </ClCompile>
    <ClCompile Include="Sprite.cpp">
      <Filter>Core</Filter>
    </ClCompile>
    <ClCompile Include="Math.cpp">
      <Filter>Core</Filter>
    </ClCompile>
    <ClCompile Include="Scene.cpp">
      <Filter>Core</Filter>
    </ClCompile>
    <ClCompile Include="Game.cpp">
      <Filter>Game</Filter>
    </ClCompile>
    <ClCompile Include="Camera.cpp">
      <Filter>Core</Filter>
    </ClCompile>
    <ClCompile Include="Animation.cpp">
      <Filter>Core</Filter>
    </ClCompile>
    <ClCompile Include="ProgressBar.cpp">
      <Filter>Core</Filter>
    </ClCompile>
    <ClCompile Include="Button.cpp">
      <Filter>Core</Filter>
    </ClCompile>
    <ClCompile Include="Player.cpp">
      <Filter>Game</Filter>
    </ClCompile>
    <ClCompile Include="Main.cpp">
      <Filter>Game</Filter>
    </ClCompile>
    <ClCompile Include="Enemy.cpp">
      <Filter>Game</Filter>
    </ClCompile>
    <ClCompile Include="Bullet.cpp">
      <Filter>Game</Filter>
    </ClCompile>
    <ClCompile Include="Snow.cpp">
      <Filter>Game</Filter>
    </ClCompile>
    <ClCompile Include="HpBar.cpp">
      <Filter>Game</Filter>
    </ClCompile>
    <ClCompile Include="Smoke.cpp">
      <Filter>Game</Filter>
    </ClCompile>
    <ClCompile Include="Item.cpp">
      <Filter>Game</Filter>
    </ClCompile>
    <ClCompile Include="GameManager.cpp">
      <Filter>Game</Filter>
    </ClCompile>
    <ClCompile Include="Font.cpp">
      <Filter>Core</Filter>
    </ClCompile>
    <ClCompile Include="DXUT\Optional\SDKsound.cpp">
      <Filter>DXUT</Filter>
    </ClCompile>
    <ClCompile Include="DXUT\Optional\SDKwavefile.cpp">
      <Filter>DXUT</Filter>
    </ClCompile>
    <ClCompile Include="Zone.cpp">
      <Filter>Game</Filter>
    </ClCompile>
    <ClCompile Include="Outro.cpp">
      <Filter>Game</Filter>
    </ClCompile>
    <ClCompile Include="Intro.cpp">
      <Filter>Game</Filter>
    </ClCompile>
    <ClCompile Include="HealEffect.cpp">
      <Filter>Game</Filter>
    </ClCompile>
    <ClCompile Include="Result.cpp">
      <Filter>Game</Filter>
    </ClCompile>
    <ClCompile Include="Boom.cpp">
      <Filter>Game</Filter>
    </ClCompile>
    <ClCompile Include="GyeongBok_3.cpp" />
    <ClCompile Include="KillLog.cpp">
      <Filter>Game</Filter>
    </ClCompile>
  </ItemGroup>
  <ItemGroup>
    <ClInclude Include="Precompile.h">
      <Filter>Core</Filter>
    </ClInclude>
    <ClInclude Include="Singleton.h">
      <Filter>Core</Filter>
    </ClInclude>
    <ClInclude Include="App.h">
      <Filter>Core</Filter>
    </ClInclude>
    <ClInclude Include="Object.h">
      <Filter>Core</Filter>
    </ClInclude>
    <ClInclude Include="Texture.h">
      <Filter>Core</Filter>
    </ClInclude>
    <ClInclude Include="ObjectList.h">
      <Filter>Core</Filter>
    </ClInclude>
    <ClInclude Include="Sprite.h">
      <Filter>Core</Filter>
    </ClInclude>
    <ClInclude Include="Math.h">
      <Filter>Core</Filter>
    </ClInclude>
    <ClInclude Include="Scene.h">
      <Filter>Core</Filter>
    </ClInclude>
    <ClInclude Include="Game.h">
      <Filter>Game</Filter>
    </ClInclude>
    <ClInclude Include="Camera.h">
      <Filter>Core</Filter>
    </ClInclude>
    <ClInclude Include="Animation.h">
      <Filter>Core</Filter>
    </ClInclude>
    <ClInclude Include="ProgressBar.h">
      <Filter>Core</Filter>
    </ClInclude>
    <ClInclude Include="Button.h">
      <Filter>Core</Filter>
    </ClInclude>
    <ClInclude Include="Player.h">
      <Filter>Game</Filter>
    </ClInclude>
    <ClInclude Include="Main.h">
      <Filter>Game</Filter>
    </ClInclude>
    <ClInclude Include="Enemy.h">
      <Filter>Game</Filter>
    </ClInclude>
    <ClInclude Include="Bullet.h">
      <Filter>Game</Filter>
    </ClInclude>
    <ClInclude Include="Snow.h">
      <Filter>Game</Filter>
    </ClInclude>
    <ClInclude Include="HpBar.h">
      <Filter>Game</Filter>
    </ClInclude>
    <ClInclude Include="Item.h">
      <Filter>Game</Filter>
    </ClInclude>
    <ClInclude Include="Smoke.h">
      <Filter>Game</Filter>
    </ClInclude>
    <ClInclude Include="GameManager.h">
      <Filter>Game</Filter>
    </ClInclude>
    <ClInclude Include="Font.h">
      <Filter>Core</Filter>
    </ClInclude>
    <ClInclude Include="DXUT\Optional\SDKsound.h">
      <Filter>DXUT</Filter>
    </ClInclude>
    <ClInclude Include="DXUT\Optional\SDKwavefile.h">
      <Filter>DXUT</Filter>
    </ClInclude>
    <ClInclude Include="Zone.h">
      <Filter>Game</Filter>
    </ClInclude>
    <ClInclude Include="Outro.h">
      <Filter>Game</Filter>
    </ClInclude>
    <ClInclude Include="Intro.h">
      <Filter>Game</Filter>
    </ClInclude>
    <ClInclude Include="HealEffect.h">
      <Filter>Game</Filter>
    </ClInclude>
    <ClInclude Include="Result.h">
      <Filter>Game</Filter>
    </ClInclude>
    <ClInclude Include="Boom.h">
      <Filter>Game</Filter>
    </ClInclude>
    <ClInclude Include="KillLog.h">
      <Filter>Game</Filter>
    </ClInclude>
  </ItemGroup>
  <ItemGroup>
    <CLInclude Include="resource.h">
      <Filter>Resource Files</Filter>
    </CLInclude>
    <ResourceCompile Include="GyeongBok_3.rc">
      <Filter>Resource Files</Filter>
    </ResourceCompile>
  </ItemGroup>
  <ItemGroup>
  </ItemGroup>
</Project>